// !$*UTF8*$!
{
	archiveVersion = 1;
	classes = {
	};
	objectVersion = 50;
	objects = {

/* Begin PBXBuildFile section */
		F7206C6121F31665003CCB2A /* CheckPoint.xib in Resources */ = {isa = PBXBuildFile; fileRef = F7206C6021F31665003CCB2A /* CheckPoint.xib */; };
		F7206C6521F31D40003CCB2A /* 移动1.mp3 in Resources */ = {isa = PBXBuildFile; fileRef = F7206C6221F31D40003CCB2A /* 移动1.mp3 */; };
		F7206C6621F31D40003CCB2A /* 点击按钮.mp3 in Resources */ = {isa = PBXBuildFile; fileRef = F7206C6321F31D40003CCB2A /* 点击按钮.mp3 */; };
		F7206C6721F31D40003CCB2A /* 移动.mp3 in Resources */ = {isa = PBXBuildFile; fileRef = F7206C6421F31D40003CCB2A /* 移动.mp3 */; };
		F7206C6A21F321FF003CCB2A /* CheckPointPage.xib in Resources */ = {isa = PBXBuildFile; fileRef = F7206C6921F321FF003CCB2A /* CheckPointPage.xib */; };
		F7206C6D21F327F3003CCB2A /* CheckPointView.m in Sources */ = {isa = PBXBuildFile; fileRef = F7206C6C21F327F3003CCB2A /* CheckPointView.m */; };
		F7206C7021F32802003CCB2A /* CheckPointPageView.m in Sources */ = {isa = PBXBuildFile; fileRef = F7206C6F21F32802003CCB2A /* CheckPointPageView.m */; };
		F7274C2D21F825650049D5BE /* TeachViewController.m in Sources */ = {isa = PBXBuildFile; fileRef = F7274C2C21F825650049D5BE /* TeachViewController.m */; };
		F734349921F5584000C005E9 /* CheckPoint.plist in Resources */ = {isa = PBXBuildFile; fileRef = F734349821F5584000C005E9 /* CheckPoint.plist */; };
		F734349C21F575E900C005E9 /* GameView.xib in Resources */ = {isa = PBXBuildFile; fileRef = F734349B21F575E900C005E9 /* GameView.xib */; };
		F734349F21F5786700C005E9 /* GameViewController.m in Sources */ = {isa = PBXBuildFile; fileRef = F734349E21F5786700C005E9 /* GameViewController.m */; };
		F73434A221F57E0D00C005E9 /* Main.storyboard in Resources */ = {isa = PBXBuildFile; fileRef = F73434A021F57E0D00C005E9 /* Main.storyboard */; };
		F73434A421F5B40C00C005E9 /* 游戏页面背景.mp3 in Resources */ = {isa = PBXBuildFile; fileRef = F73434A321F5B40C00C005E9 /* 游戏页面背景.mp3 */; };
		F767E9A721F6BC3C00ED86E5 /* GameContainerView.m in Sources */ = {isa = PBXBuildFile; fileRef = F767E9A621F6BC3C00ED86E5 /* GameContainerView.m */; };
		F767E9A921F6BC5000ED86E5 /* GameContainerView.xib in Resources */ = {isa = PBXBuildFile; fileRef = F767E9A821F6BC5000ED86E5 /* GameContainerView.xib */; };
		F767E9AB21F6D30800ED86E5 /* Character.xib in Resources */ = {isa = PBXBuildFile; fileRef = F767E9AA21F6D30800ED86E5 /* Character.xib */; };
		F767E9B121F6D37600ED86E5 /* CharacterView.m in Sources */ = {isa = PBXBuildFile; fileRef = F767E9B021F6D37600ED86E5 /* CharacterView.m */; };
		F767E9B321F7153A00ED86E5 /* 金币.mp3 in Resources */ = {isa = PBXBuildFile; fileRef = F767E9B221F7153A00ED86E5 /* 金币.mp3 */; };
		F767E9B821F7172100ED86E5 /* GameOverView.xib in Resources */ = {isa = PBXBuildFile; fileRef = F767E9B721F7172100ED86E5 /* GameOverView.xib */; };
		F767E9BB21F71F0500ED86E5 /* GameOverView.m in Sources */ = {isa = PBXBuildFile; fileRef = F767E9BA21F71F0500ED86E5 /* GameOverView.m */; };
		F794B01222017BDD004E9502 /* InfoPlist.strings in Resources */ = {isa = PBXBuildFile; fileRef = F794B01422017BDD004E9502 /* InfoPlist.strings */; };
		F7DA2BBB21F2C5E20060C272 /* AppDelegate.m in Sources */ = {isa = PBXBuildFile; fileRef = F7DA2BBA21F2C5E20060C272 /* AppDelegate.m */; };
		F7DA2BBE21F2C5E20060C272 /* ViewController.m in Sources */ = {isa = PBXBuildFile; fileRef = F7DA2BBD21F2C5E20060C272 /* ViewController.m */; };
		F7DA2BC321F2C5E30060C272 /* Assets.xcassets in Resources */ = {isa = PBXBuildFile; fileRef = F7DA2BC221F2C5E30060C272 /* Assets.xcassets */; };
		F7DA2BC621F2C5E30060C272 /* LaunchScreen.storyboard in Resources */ = {isa = PBXBuildFile; fileRef = F7DA2BC421F2C5E30060C272 /* LaunchScreen.storyboard */; };
		F7DA2BC921F2C5E30060C272 /* main.m in Sources */ = {isa = PBXBuildFile; fileRef = F7DA2BC821F2C5E30060C272 /* main.m */; };
		F7DA2BD121F2DA7D0060C272 /* 柔和的风.mp3 in Resources */ = {isa = PBXBuildFile; fileRef = F7DA2BD021F2DA7C0060C272 /* 柔和的风.mp3 */; };
		F7DA2BD421F2DC380060C272 /* MainViewController.m in Sources */ = {isa = PBXBuildFile; fileRef = F7DA2BD321F2DC380060C272 /* MainViewController.m */; };
		F7DA2BD621F2DF050060C272 /* SettingView.xib in Resources */ = {isa = PBXBuildFile; fileRef = F7DA2BD521F2DF050060C272 /* SettingView.xib */; };
		F7DA2BD921F303750060C272 /* SettingView.m in Sources */ = {isa = PBXBuildFile; fileRef = F7DA2BD821F303750060C272 /* SettingView.m */; };
/* End PBXBuildFile section */

/* Begin PBXFileReference section */
		F7206C6021F31665003CCB2A /* CheckPoint.xib */ = {isa = PBXFileReference; lastKnownFileType = file.xib; path = CheckPoint.xib; sourceTree = "<group>"; };
		F7206C6221F31D40003CCB2A /* 移动1.mp3 */ = {isa = PBXFileReference; lastKnownFileType = audio.mp3; path = "移动1.mp3"; sourceTree = "<group>"; };
		F7206C6321F31D40003CCB2A /* 点击按钮.mp3 */ = {isa = PBXFileReference; lastKnownFileType = audio.mp3; path = "点击按钮.mp3"; sourceTree = "<group>"; };
		F7206C6421F31D40003CCB2A /* 移动.mp3 */ = {isa = PBXFileReference; lastKnownFileType = audio.mp3; path = "移动.mp3"; sourceTree = "<group>"; };
		F7206C6921F321FF003CCB2A /* CheckPointPage.xib */ = {isa = PBXFileReference; lastKnownFileType = file.xib; path = CheckPointPage.xib; sourceTree = "<group>"; };
		F7206C6B21F327F3003CCB2A /* CheckPointView.h */ = {isa = PBXFileReference; lastKnownFileType = sourcecode.c.h; path = CheckPointView.h; sourceTree = "<group>"; };
		F7206C6C21F327F3003CCB2A /* CheckPointView.m */ = {isa = PBXFileReference; lastKnownFileType = sourcecode.c.objc; path = CheckPointView.m; sourceTree = "<group>"; };
		F7206C6E21F32802003CCB2A /* CheckPointPageView.h */ = {isa = PBXFileReference; lastKnownFileType = sourcecode.c.h; path = CheckPointPageView.h; sourceTree = "<group>"; };
		F7206C6F21F32802003CCB2A /* CheckPointPageView.m */ = {isa = PBXFileReference; lastKnownFileType = sourcecode.c.objc; path = CheckPointPageView.m; sourceTree = "<group>"; };
		F7274C2B21F825650049D5BE /* TeachViewController.h */ = {isa = PBXFileReference; lastKnownFileType = sourcecode.c.h; path = TeachViewController.h; sourceTree = "<group>"; };
		F7274C2C21F825650049D5BE /* TeachViewController.m */ = {isa = PBXFileReference; lastKnownFileType = sourcecode.c.objc; path = TeachViewController.m; sourceTree = "<group>"; };
		F734349821F5584000C005E9 /* CheckPoint.plist */ = {isa = PBXFileReference; lastKnownFileType = text.plist.xml; path = CheckPoint.plist; sourceTree = "<group>"; };
		F734349B21F575E900C005E9 /* GameView.xib */ = {isa = PBXFileReference; lastKnownFileType = file.xib; path = GameView.xib; sourceTree = "<group>"; };
		F734349D21F5786700C005E9 /* GameViewController.h */ = {isa = PBXFileReference; lastKnownFileType = sourcecode.c.h; path = GameViewController.h; sourceTree = "<group>"; };
		F734349E21F5786700C005E9 /* GameViewController.m */ = {isa = PBXFileReference; lastKnownFileType = sourcecode.c.objc; path = GameViewController.m; sourceTree = "<group>"; };
		F73434A121F57E0D00C005E9 /* Base */ = {isa = PBXFileReference; lastKnownFileType = file.storyboard; name = Base; path = OrderCode/Base.lproj/Main.storyboard; sourceTree = SOURCE_ROOT; };
		F73434A321F5B40C00C005E9 /* 游戏页面背景.mp3 */ = {isa = PBXFileReference; lastKnownFileType = audio.mp3; path = "游戏页面背景.mp3"; sourceTree = "<group>"; };
		F767E9A521F6BC3C00ED86E5 /* GameContainerView.h */ = {isa = PBXFileReference; lastKnownFileType = sourcecode.c.h; path = GameContainerView.h; sourceTree = "<group>"; };
		F767E9A621F6BC3C00ED86E5 /* GameContainerView.m */ = {isa = PBXFileReference; lastKnownFileType = sourcecode.c.objc; path = GameContainerView.m; sourceTree = "<group>"; };
		F767E9A821F6BC5000ED86E5 /* GameContainerView.xib */ = {isa = PBXFileReference; lastKnownFileType = file.xib; path = GameContainerView.xib; sourceTree = "<group>"; };
		F767E9AA21F6D30800ED86E5 /* Character.xib */ = {isa = PBXFileReference; lastKnownFileType = file.xib; path = Character.xib; sourceTree = "<group>"; };
		F767E9AF21F6D37600ED86E5 /* CharacterView.h */ = {isa = PBXFileReference; lastKnownFileType = sourcecode.c.h; path = CharacterView.h; sourceTree = "<group>"; };
		F767E9B021F6D37600ED86E5 /* CharacterView.m */ = {isa = PBXFileReference; lastKnownFileType = sourcecode.c.objc; path = CharacterView.m; sourceTree = "<group>"; };
		F767E9B221F7153A00ED86E5 /* 金币.mp3 */ = {isa = PBXFileReference; lastKnownFileType = audio.mp3; path = "金币.mp3"; sourceTree = "<group>"; };
		F767E9B721F7172100ED86E5 /* GameOverView.xib */ = {isa = PBXFileReference; lastKnownFileType = file.xib; path = GameOverView.xib; sourceTree = "<group>"; };
		F767E9B921F71F0500ED86E5 /* GameOverView.h */ = {isa = PBXFileReference; lastKnownFileType = sourcecode.c.h; path = GameOverView.h; sourceTree = "<group>"; };
		F767E9BA21F71F0500ED86E5 /* GameOverView.m */ = {isa = PBXFileReference; lastKnownFileType = sourcecode.c.objc; path = GameOverView.m; sourceTree = "<group>"; };
		F794B01322017BDD004E9502 /* en */ = {isa = PBXFileReference; lastKnownFileType = text.plist.strings; name = en; path = en.lproj/InfoPlist.strings; sourceTree = "<group>"; };
		F794B01622017BF0004E9502 /* zh-Hans */ = {isa = PBXFileReference; lastKnownFileType = text.plist.strings; name = "zh-Hans"; path = "zh-Hans.lproj/LaunchScreen.strings"; sourceTree = "<group>"; };
		F794B01722017BF0004E9502 /* zh-Hans */ = {isa = PBXFileReference; lastKnownFileType = text.plist.strings; name = "zh-Hans"; path = "zh-Hans.lproj/InfoPlist.strings"; sourceTree = "<group>"; };
		F794B01A22018172004E9502 /* en */ = {isa = PBXFileReference; lastKnownFileType = file.storyboard; name = en; path = en.lproj/Main.storyboard; sourceTree = "<group>"; };
		F794B01B2201818A004E9502 /* zh-Hans */ = {isa = PBXFileReference; lastKnownFileType = file.storyboard; name = "zh-Hans"; path = "zh-Hans.lproj/Main.storyboard"; sourceTree = "<group>"; };
		F7DA2BB621F2C5E20060C272 /* OrderCode.app */ = {isa = PBXFileReference; explicitFileType = wrapper.application; includeInIndex = 0; path = OrderCode.app; sourceTree = BUILT_PRODUCTS_DIR; };
		F7DA2BB921F2C5E20060C272 /* AppDelegate.h */ = {isa = PBXFileReference; lastKnownFileType = sourcecode.c.h; path = AppDelegate.h; sourceTree = "<group>"; };
		F7DA2BBA21F2C5E20060C272 /* AppDelegate.m */ = {isa = PBXFileReference; lastKnownFileType = sourcecode.c.objc; path = AppDelegate.m; sourceTree = "<group>"; };
		F7DA2BBC21F2C5E20060C272 /* ViewController.h */ = {isa = PBXFileReference; lastKnownFileType = sourcecode.c.h; path = ViewController.h; sourceTree = "<group>"; };
		F7DA2BBD21F2C5E20060C272 /* ViewController.m */ = {isa = PBXFileReference; lastKnownFileType = sourcecode.c.objc; path = ViewController.m; sourceTree = "<group>"; };
		F7DA2BC221F2C5E30060C272 /* Assets.xcassets */ = {isa = PBXFileReference; lastKnownFileType = folder.assetcatalog; path = Assets.xcassets; sourceTree = "<group>"; };
		F7DA2BC521F2C5E30060C272 /* Base */ = {isa = PBXFileReference; lastKnownFileType = file.storyboard; name = Base; path = Base.lproj/LaunchScreen.storyboard; sourceTree = "<group>"; };
		F7DA2BC721F2C5E30060C272 /* Info.plist */ = {isa = PBXFileReference; lastKnownFileType = text.plist.xml; path = Info.plist; sourceTree = "<group>"; };
		F7DA2BC821F2C5E30060C272 /* main.m */ = {isa = PBXFileReference; lastKnownFileType = sourcecode.c.objc; path = main.m; sourceTree = "<group>"; };
		F7DA2BD021F2DA7C0060C272 /* 柔和的风.mp3 */ = {isa = PBXFileReference; lastKnownFileType = audio.mp3; path = "柔和的风.mp3"; sourceTree = "<group>"; };
		F7DA2BD221F2DC380060C272 /* MainViewController.h */ = {isa = PBXFileReference; lastKnownFileType = sourcecode.c.h; path = MainViewController.h; sourceTree = "<group>"; };
		F7DA2BD321F2DC380060C272 /* MainViewController.m */ = {isa = PBXFileReference; lastKnownFileType = sourcecode.c.objc; path = MainViewController.m; sourceTree = "<group>"; };
		F7DA2BD521F2DF050060C272 /* SettingView.xib */ = {isa = PBXFileReference; lastKnownFileType = file.xib; path = SettingView.xib; sourceTree = "<group>"; };
		F7DA2BD721F303750060C272 /* SettingView.h */ = {isa = PBXFileReference; lastKnownFileType = sourcecode.c.h; path = SettingView.h; sourceTree = "<group>"; };
		F7DA2BD821F303750060C272 /* SettingView.m */ = {isa = PBXFileReference; lastKnownFileType = sourcecode.c.objc; path = SettingView.m; sourceTree = "<group>"; };
/* End PBXFileReference section */

/* Begin PBXFrameworksBuildPhase section */
		F7DA2BB321F2C5E20060C272 /* Frameworks */ = {
			isa = PBXFrameworksBuildPhase;
			buildActionMask = 2147483647;
			files = (
			);
			runOnlyForDeploymentPostprocessing = 0;
		};
/* End PBXFrameworksBuildPhase section */

/* Begin PBXGroup section */
		F7206C6821F321DB003CCB2A /* checkPoint */ = {
			isa = PBXGroup;
			children = (
				F7206C6021F31665003CCB2A /* CheckPoint.xib */,
				F7206C6921F321FF003CCB2A /* CheckPointPage.xib */,
				F7206C6B21F327F3003CCB2A /* CheckPointView.h */,
				F7206C6C21F327F3003CCB2A /* CheckPointView.m */,
				F7206C6E21F32802003CCB2A /* CheckPointPageView.h */,
				F7206C6F21F32802003CCB2A /* CheckPointPageView.m */,
			);
			path = checkPoint;
			sourceTree = "<group>";
		};
		F734349A21F575D200C005E9 /* Game */ = {
			isa = PBXGroup;
			children = (
				F734349B21F575E900C005E9 /* GameView.xib */,
				F767E9A821F6BC5000ED86E5 /* GameContainerView.xib */,
				F767E9AA21F6D30800ED86E5 /* Character.xib */,
				F767E9AF21F6D37600ED86E5 /* CharacterView.h */,
				F767E9B021F6D37600ED86E5 /* CharacterView.m */,
				F734349D21F5786700C005E9 /* GameViewController.h */,
				F734349E21F5786700C005E9 /* GameViewController.m */,
				F767E9A521F6BC3C00ED86E5 /* GameContainerView.h */,
				F767E9A621F6BC3C00ED86E5 /* GameContainerView.m */,
			);
			path = Game;
			sourceTree = "<group>";
		};
		F767E9B421F716FC00ED86E5 /* GameOver */ = {
			isa = PBXGroup;
			children = (
				F767E9B721F7172100ED86E5 /* GameOverView.xib */,
				F767E9B921F71F0500ED86E5 /* GameOverView.h */,
				F767E9BA21F71F0500ED86E5 /* GameOverView.m */,
			);
			path = GameOver;
			sourceTree = "<group>";
		};
		F7DA2BAD21F2C5E20060C272 = {
			isa = PBXGroup;
			children = (
				F7DA2BB821F2C5E20060C272 /* OrderCode */,
				F7DA2BB721F2C5E20060C272 /* Products */,
			);
			sourceTree = "<group>";
		};
		F7DA2BB721F2C5E20060C272 /* Products */ = {
			isa = PBXGroup;
			children = (
				F7DA2BB621F2C5E20060C272 /* OrderCode.app */,
			);
			name = Products;
			sourceTree = "<group>";
		};
		F7DA2BB821F2C5E20060C272 /* OrderCode */ = {
			isa = PBXGroup;
			children = (
				F767E9B421F716FC00ED86E5 /* GameOver */,
				F734349A21F575D200C005E9 /* Game */,
				F7DA2BCF21F2DA680060C272 /* resource */,
				F7DA2BDA21F3037F0060C272 /* Setting */,
				F7206C6821F321DB003CCB2A /* checkPoint */,
				F7DA2BBC21F2C5E20060C272 /* ViewController.h */,
				F73434A021F57E0D00C005E9 /* Main.storyboard */,
				F7DA2BBD21F2C5E20060C272 /* ViewController.m */,
				F7DA2BD221F2DC380060C272 /* MainViewController.h */,
				F7DA2BD321F2DC380060C272 /* MainViewController.m */,
				F7274C2B21F825650049D5BE /* TeachViewController.h */,
				F7274C2C21F825650049D5BE /* TeachViewController.m */,
				F7DA2BB921F2C5E20060C272 /* AppDelegate.h */,
				F7DA2BBA21F2C5E20060C272 /* AppDelegate.m */,
				F7DA2BC221F2C5E30060C272 /* Assets.xcassets */,
				F7DA2BC421F2C5E30060C272 /* LaunchScreen.storyboard */,
				F7DA2BC721F2C5E30060C272 /* Info.plist */,
				F794B01422017BDD004E9502 /* InfoPlist.strings */,
				F7DA2BC821F2C5E30060C272 /* main.m */,
				F734349821F5584000C005E9 /* CheckPoint.plist */,
			);
			path = OrderCode;
			sourceTree = "<group>";
		};
		F7DA2BCF21F2DA680060C272 /* resource */ = {
			isa = PBXGroup;
			children = (
				F73434A321F5B40C00C005E9 /* 游戏页面背景.mp3 */,
				F767E9B221F7153A00ED86E5 /* 金币.mp3 */,
				F7206C6321F31D40003CCB2A /* 点击按钮.mp3 */,
				F7206C6421F31D40003CCB2A /* 移动.mp3 */,
				F7206C6221F31D40003CCB2A /* 移动1.mp3 */,
				F7DA2BD021F2DA7C0060C272 /* 柔和的风.mp3 */,
			);
			path = resource;
			sourceTree = "<group>";
		};
		F7DA2BDA21F3037F0060C272 /* Setting */ = {
			isa = PBXGroup;
			children = (
				F7DA2BD521F2DF050060C272 /* SettingView.xib */,
				F7DA2BD721F303750060C272 /* SettingView.h */,
				F7DA2BD821F303750060C272 /* SettingView.m */,
			);
			path = Setting;
			sourceTree = "<group>";
		};
/* End PBXGroup section */

/* Begin PBXNativeTarget section */
		F7DA2BB521F2C5E20060C272 /* OrderCode */ = {
			isa = PBXNativeTarget;
			buildConfigurationList = F7DA2BCC21F2C5E30060C272 /* Build configuration list for PBXNativeTarget "OrderCode" */;
			buildPhases = (
				F7DA2BB221F2C5E20060C272 /* Sources */,
				F7DA2BB321F2C5E20060C272 /* Frameworks */,
				F7DA2BB421F2C5E20060C272 /* Resources */,
			);
			buildRules = (
			);
			dependencies = (
			);
			name = OrderCode;
			productName = OrderCode;
			productReference = F7DA2BB621F2C5E20060C272 /* OrderCode.app */;
			productType = "com.apple.product-type.application";
		};
/* End PBXNativeTarget section */

/* Begin PBXProject section */
		F7DA2BAE21F2C5E20060C272 /* Project object */ = {
			isa = PBXProject;
			attributes = {
				LastUpgradeCheck = 1010;
				ORGANIZATIONNAME = iOS123;
				TargetAttributes = {
					F7DA2BB521F2C5E20060C272 = {
						CreatedOnToolsVersion = 10.1;
					};
				};
			};
			buildConfigurationList = F7DA2BB121F2C5E20060C272 /* Build configuration list for PBXProject "OrderCode" */;
			compatibilityVersion = "Xcode 9.3";
			developmentRegion = en;
			hasScannedForEncodings = 0;
			knownRegions = (
				en,
				Base,
				"zh-Hans",
			);
			mainGroup = F7DA2BAD21F2C5E20060C272;
			productRefGroup = F7DA2BB721F2C5E20060C272 /* Products */;
			projectDirPath = "";
			projectRoot = "";
			targets = (
				F7DA2BB521F2C5E20060C272 /* OrderCode */,
			);
		};
/* End PBXProject section */

/* Begin PBXResourcesBuildPhase section */
		F7DA2BB421F2C5E20060C272 /* Resources */ = {
			isa = PBXResourcesBuildPhase;
			buildActionMask = 2147483647;
			files = (
				F7DA2BD121F2DA7D0060C272 /* 柔和的风.mp3 in Resources */,
				F7206C6621F31D40003CCB2A /* 点击按钮.mp3 in Resources */,
				F7DA2BC621F2C5E30060C272 /* LaunchScreen.storyboard in Resources */,
				F73434A221F57E0D00C005E9 /* Main.storyboard in Resources */,
				F7206C6721F31D40003CCB2A /* 移动.mp3 in Resources */,
				F7DA2BC321F2C5E30060C272 /* Assets.xcassets in Resources */,
				F767E9B321F7153A00ED86E5 /* 金币.mp3 in Resources */,
				F794B01222017BDD004E9502 /* InfoPlist.strings in Resources */,
				F767E9AB21F6D30800ED86E5 /* Character.xib in Resources */,
				F7DA2BD621F2DF050060C272 /* SettingView.xib in Resources */,
				F734349C21F575E900C005E9 /* GameView.xib in Resources */,
				F7206C6521F31D40003CCB2A /* 移动1.mp3 in Resources */,
				F734349921F5584000C005E9 /* CheckPoint.plist in Resources */,
				F7206C6A21F321FF003CCB2A /* CheckPointPage.xib in Resources */,
				F73434A421F5B40C00C005E9 /* 游戏页面背景.mp3 in Resources */,
				F767E9A921F6BC5000ED86E5 /* GameContainerView.xib in Resources */,
				F767E9B821F7172100ED86E5 /* GameOverView.xib in Resources */,
				F7206C6121F31665003CCB2A /* CheckPoint.xib in Resources */,
			);
			runOnlyForDeploymentPostprocessing = 0;
		};
/* End PBXResourcesBuildPhase section */

/* Begin PBXSourcesBuildPhase section */
		F7DA2BB221F2C5E20060C272 /* Sources */ = {
			isa = PBXSourcesBuildPhase;
			buildActionMask = 2147483647;
			files = (
				F7274C2D21F825650049D5BE /* TeachViewController.m in Sources */,
				F734349F21F5786700C005E9 /* GameViewController.m in Sources */,
				F7DA2BBE21F2C5E20060C272 /* ViewController.m in Sources */,
				F7DA2BC921F2C5E30060C272 /* main.m in Sources */,
				F7206C6D21F327F3003CCB2A /* CheckPointView.m in Sources */,
				F767E9B121F6D37600ED86E5 /* CharacterView.m in Sources */,
				F7DA2BBB21F2C5E20060C272 /* AppDelegate.m in Sources */,
				F767E9A721F6BC3C00ED86E5 /* GameContainerView.m in Sources */,
				F7DA2BD421F2DC380060C272 /* MainViewController.m in Sources */,
				F7206C7021F32802003CCB2A /* CheckPointPageView.m in Sources */,
				F7DA2BD921F303750060C272 /* SettingView.m in Sources */,
				F767E9BB21F71F0500ED86E5 /* GameOverView.m in Sources */,
			);
			runOnlyForDeploymentPostprocessing = 0;
		};
/* End PBXSourcesBuildPhase section */

/* Begin PBXVariantGroup section */
		F73434A021F57E0D00C005E9 /* Main.storyboard */ = {
			isa = PBXVariantGroup;
			children = (
				F73434A121F57E0D00C005E9 /* Base */,
				F794B01A22018172004E9502 /* en */,
				F794B01B2201818A004E9502 /* zh-Hans */,
			);
			name = Main.storyboard;
			sourceTree = "<group>";
		};
		F794B01422017BDD004E9502 /* InfoPlist.strings */ = {
			isa = PBXVariantGroup;
			children = (
				F794B01322017BDD004E9502 /* en */,
				F794B01722017BF0004E9502 /* zh-Hans */,
			);
			name = InfoPlist.strings;
			sourceTree = "<group>";
		};
		F7DA2BC421F2C5E30060C272 /* LaunchScreen.storyboard */ = {
			isa = PBXVariantGroup;
			children = (
				F7DA2BC521F2C5E30060C272 /* Base */,
				F794B01622017BF0004E9502 /* zh-Hans */,
			);
			name = LaunchScreen.storyboard;
			sourceTree = "<group>";
		};
/* End PBXVariantGroup section */

/* Begin XCBuildConfiguration section */
		F7DA2BCA21F2C5E30060C272 /* Debug */ = {
			isa = XCBuildConfiguration;
			buildSettings = {
				ALWAYS_SEARCH_USER_PATHS = NO;
				CLANG_ANALYZER_LOCALIZABILITY_NONLOCALIZED = YES;
				CLANG_ANALYZER_NONNULL = YES;
				CLANG_ANALYZER_NUMBER_OBJECT_CONVERSION = YES_AGGRESSIVE;
				CLANG_CXX_LANGUAGE_STANDARD = "gnu++14";
				CLANG_CXX_LIBRARY = "libc++";
				CLANG_ENABLE_MODULES = YES;
				CLANG_ENABLE_OBJC_ARC = YES;
				CLANG_ENABLE_OBJC_WEAK = YES;
				CLANG_WARN_BLOCK_CAPTURE_AUTORELEASING = YES;
				CLANG_WARN_BOOL_CONVERSION = YES;
				CLANG_WARN_COMMA = YES;
				CLANG_WARN_CONSTANT_CONVERSION = YES;
				CLANG_WARN_DEPRECATED_OBJC_IMPLEMENTATIONS = YES;
				CLANG_WARN_DIRECT_OBJC_ISA_USAGE = YES_ERROR;
				CLANG_WARN_DOCUMENTATION_COMMENTS = YES;
				CLANG_WARN_EMPTY_BODY = YES;
				CLANG_WARN_ENUM_CONVERSION = YES;
				CLANG_WARN_INFINITE_RECURSION = YES;
				CLANG_WARN_INT_CONVERSION = YES;
				CLANG_WARN_NON_LITERAL_NULL_CONVERSION = YES;
				CLANG_WARN_OBJC_IMPLICIT_RETAIN_SELF = YES;
				CLANG_WARN_OBJC_LITERAL_CONVERSION = YES;
				CLANG_WARN_OBJC_ROOT_CLASS = YES_ERROR;
				CLANG_WARN_RANGE_LOOP_ANALYSIS = YES;
				CLANG_WARN_STRICT_PROTOTYPES = YES;
				CLANG_WARN_SUSPICIOUS_MOVE = YES;
				CLANG_WARN_UNGUARDED_AVAILABILITY = YES_AGGRESSIVE;
				CLANG_WARN_UNREACHABLE_CODE = YES;
				CLANG_WARN__DUPLICATE_METHOD_MATCH = YES;
				CODE_SIGN_IDENTITY = "iPhone Developer";
				COPY_PHASE_STRIP = NO;
				DEBUG_INFORMATION_FORMAT = dwarf;
				ENABLE_STRICT_OBJC_MSGSEND = YES;
				ENABLE_TESTABILITY = YES;
				GCC_C_LANGUAGE_STANDARD = gnu11;
				GCC_DYNAMIC_NO_PIC = NO;
				GCC_NO_COMMON_BLOCKS = YES;
				GCC_OPTIMIZATION_LEVEL = 0;
				GCC_PREPROCESSOR_DEFINITIONS = (
					"DEBUG=1",
					"$(inherited)",
				);
				GCC_WARN_64_TO_32_BIT_CONVERSION = YES;
				GCC_WARN_ABOUT_RETURN_TYPE = YES_ERROR;
				GCC_WARN_UNDECLARED_SELECTOR = YES;
				GCC_WARN_UNINITIALIZED_AUTOS = YES_AGGRESSIVE;
				GCC_WARN_UNUSED_FUNCTION = YES;
				GCC_WARN_UNUSED_VARIABLE = YES;
				IPHONEOS_DEPLOYMENT_TARGET = 12.1;
				MTL_ENABLE_DEBUG_INFO = INCLUDE_SOURCE;
				MTL_FAST_MATH = YES;
				ONLY_ACTIVE_ARCH = YES;
				SDKROOT = iphoneos;
			};
			name = Debug;
		};
		F7DA2BCB21F2C5E30060C272 /* Release */ = {
			isa = XCBuildConfiguration;
			buildSettings = {
				ALWAYS_SEARCH_USER_PATHS = NO;
				CLANG_ANALYZER_LOCALIZABILITY_NONLOCALIZED = YES;
				CLANG_ANALYZER_NONNULL = YES;
				CLANG_ANALYZER_NUMBER_OBJECT_CONVERSION = YES_AGGRESSIVE;
				CLANG_CXX_LANGUAGE_STANDARD = "gnu++14";
				CLANG_CXX_LIBRARY = "libc++";
				CLANG_ENABLE_MODULES = YES;
				CLANG_ENABLE_OBJC_ARC = YES;
				CLANG_ENABLE_OBJC_WEAK = YES;
				CLANG_WARN_BLOCK_CAPTURE_AUTORELEASING = YES;
				CLANG_WARN_BOOL_CONVERSION = YES;
				CLANG_WARN_COMMA = YES;
				CLANG_WARN_CONSTANT_CONVERSION = YES;
				CLANG_WARN_DEPRECATED_OBJC_IMPLEMENTATIONS = YES;
				CLANG_WARN_DIRECT_OBJC_ISA_USAGE = YES_ERROR;
				CLANG_WARN_DOCUMENTATION_COMMENTS = YES;
				CLANG_WARN_EMPTY_BODY = YES;
				CLANG_WARN_ENUM_CONVERSION = YES;
				CLANG_WARN_INFINITE_RECURSION = YES;
				CLANG_WARN_INT_CONVERSION = YES;
				CLANG_WARN_NON_LITERAL_NULL_CONVERSION = YES;
				CLANG_WARN_OBJC_IMPLICIT_RETAIN_SELF = YES;
				CLANG_WARN_OBJC_LITERAL_CONVERSION = YES;
				CLANG_WARN_OBJC_ROOT_CLASS = YES_ERROR;
				CLANG_WARN_RANGE_LOOP_ANALYSIS = YES;
				CLANG_WARN_STRICT_PROTOTYPES = YES;
				CLANG_WARN_SUSPICIOUS_MOVE = YES;
				CLANG_WARN_UNGUARDED_AVAILABILITY = YES_AGGRESSIVE;
				CLANG_WARN_UNREACHABLE_CODE = YES;
				CLANG_WARN__DUPLICATE_METHOD_MATCH = YES;
				CODE_SIGN_IDENTITY = "iPhone Developer";
				COPY_PHASE_STRIP = NO;
				DEBUG_INFORMATION_FORMAT = "dwarf-with-dsym";
				ENABLE_NS_ASSERTIONS = NO;
				ENABLE_STRICT_OBJC_MSGSEND = YES;
				GCC_C_LANGUAGE_STANDARD = gnu11;
				GCC_NO_COMMON_BLOCKS = YES;
				GCC_WARN_64_TO_32_BIT_CONVERSION = YES;
				GCC_WARN_ABOUT_RETURN_TYPE = YES_ERROR;
				GCC_WARN_UNDECLARED_SELECTOR = YES;
				GCC_WARN_UNINITIALIZED_AUTOS = YES_AGGRESSIVE;
				GCC_WARN_UNUSED_FUNCTION = YES;
				GCC_WARN_UNUSED_VARIABLE = YES;
				IPHONEOS_DEPLOYMENT_TARGET = 12.1;
				MTL_ENABLE_DEBUG_INFO = NO;
				MTL_FAST_MATH = YES;
				SDKROOT = iphoneos;
				VALIDATE_PRODUCT = YES;
			};
			name = Release;
		};
		F7DA2BCD21F2C5E30060C272 /* Debug */ = {
			isa = XCBuildConfiguration;
			buildSettings = {
				ASSETCATALOG_COMPILER_APPICON_NAME = AppIcon;
				CODE_SIGN_STYLE = Automatic;
				DEVELOPMENT_TEAM = Y97Q74UT3T;
				INFOPLIST_FILE = OrderCode/Info.plist;
				IPHONEOS_DEPLOYMENT_TARGET = 11.0;
				LD_RUNPATH_SEARCH_PATHS = (
					"$(inherited)",
					"@executable_path/Frameworks",
				);
				PRODUCT_BUNDLE_IDENTIFIER = com.zmh.OrderCode;
				PRODUCT_NAME = "$(TARGET_NAME)";
				TARGETED_DEVICE_FAMILY = 1;
			};
			name = Debug;
		};
		F7DA2BCE21F2C5E30060C272 /* Release */ = {
			isa = XCBuildConfiguration;
			buildSettings = {
				ASSETCATALOG_COMPILER_APPICON_NAME = AppIcon;
				CODE_SIGN_STYLE = Automatic;
				DEVELOPMENT_TEAM = Y97Q74UT3T;
				INFOPLIST_FILE = OrderCode/Info.plist;
				IPHONEOS_DEPLOYMENT_TARGET = 11.0;
				LD_RUNPATH_SEARCH_PATHS = (
					"$(inherited)",
					"@executable_path/Frameworks",
				);
				PRODUCT_BUNDLE_IDENTIFIER = com.zmh.OrderCode;
				PRODUCT_NAME = "$(TARGET_NAME)";
				TARGETED_DEVICE_FAMILY = 1;
			};
			name = Release;
		};
/* End XCBuildConfiguration section */

/* Begin XCConfigurationList section */
		F7DA2BB121F2C5E20060C272 /* Build configuration list for PBXProject "OrderCode" */ = {
			isa = XCConfigurationList;
			buildConfigurations = (
				F7DA2BCA21F2C5E30060C272 /* Debug */,
				F7DA2BCB21F2C5E30060C272 /* Release */,
			);
			defaultConfigurationIsVisible = 0;
			defaultConfigurationName = Release;
		};
		F7DA2BCC21F2C5E30060C272 /* Build configuration list for PBXNativeTarget "OrderCode" */ = {
			isa = XCConfigurationList;
			buildConfigurations = (
				F7DA2BCD21F2C5E30060C272 /* Debug */,
				F7DA2BCE21F2C5E30060C272 /* Release */,
			);
			defaultConfigurationIsVisible = 0;
			defaultConfigurationName = Release;
		};
/* End XCConfigurationList section */
	};
	rootObject = F7DA2BAE21F2C5E20060C272 /* Project object */;
}
